// !$*UTF8*$!
{
	archiveVersion = 1;
	classes = {
	};
	objectVersion = 34;
	objects = {
		00FFA4BA01707A727F000001 = {
			isa = PBXFileReference;
			name = screen.tiff;
			path = images/screen.tiff;
			refType = 4;
		};
		00FFA4BB01707A727F000001 = {
			fileRef = 00FFA4BA01707A727F000001;
			isa = PBXBuildFile;
			settings = {
			};
		};
		00FFA4BC01707AE57F000001 = {
			isa = PBXFileReference;
			name = ready.tiff;
			path = images/ready.tiff;
			refType = 4;
		};
		00FFA4BD01707AE57F000001 = {
			fileRef = 00FFA4BC01707AE57F000001;
			isa = PBXBuildFile;
			settings = {
			};
		};
		00FFA4BE01707B147F000001 = {
			isa = PBXFileReference;
			name = dirlist.tiff;
			path = images/dirlist.tiff;
			refType = 4;
		};
		00FFA4BF01707B147F000001 = {
			fileRef = 00FFA4BE01707B147F000001;
			isa = PBXBuildFile;
			settings = {
			};
		};
		00FFA4C401707C907F000001 = {
			isa = PBXFileReference;
			name = memory.tiff;
			path = images/memory.tiff;
			refType = 4;
		};
		00FFA4C501707C907F000001 = {
			fileRef = 00FFA4C401707C907F000001;
			isa = PBXBuildFile;
			settings = {
			};
		};
//000
//001
//002
//003
//004
//040
//041
//042
//043
//044
		043355C9FE30361CC02AAC07 = {
			buildActionMask = 2147483647;
			files = (
			);
			isa = PBXRezBuildPhase;
			name = "ResourceManager Resources";
		};
//040
//041
//042
//043
//044
//080
//081
//082
//083
//084
		080E96DDFE201D6D7F000001 = {
			children = (
				F58270640176284A01000102,
				F582706B0176297F01000102,
			);
			isa = PBXGroup;
			name = Classes;
			refType = 4;
		};
		089C165CFE840E0CC02AAC07 = {
			children = (
				089C165DFE840E0CC02AAC07,
			);
			isa = PBXVariantGroup;
			name = InfoPlist.strings;
			refType = 4;
		};
		089C165DFE840E0CC02AAC07 = {
			fileEncoding = 10;
			isa = PBXFileReference;
			name = English;
			path = English.lproj/InfoPlist.strings;
			refType = 4;
		};
		089C165EFE840E0CC02AAC07 = {
			fileRef = 089C165CFE840E0CC02AAC07;
			isa = PBXBuildFile;
			settings = {
			};
		};
//080
//081
//082
//083
//084
//100
//101
//102
//103
//104
		1058C7A0FEA54F0111CA2CBB = {
			children = (
				1058C7A1FEA54F0111CA2CBB,
				F51283DF01797CFA01000102,
				F51283E001797CFA01000102,
				F51283E101797CFA01000102,
			);
			isa = PBXGroup;
			name = "Linked Frameworks";
			refType = 4;
		};
		1058C7A1FEA54F0111CA2CBB = {
			isa = PBXFrameworkReference;
			name = Cocoa.framework;
			path = /System/Library/Frameworks/Cocoa.framework;
			refType = 0;
		};
		1058C7A2FEA54F0111CA2CBB = {
			children = (
				29B97325FDCFA39411CA2CEA,
				29B97324FDCFA39411CA2CEA,
			);
			isa = PBXGroup;
			name = "Other Frameworks";
			refType = 4;
		};
		1058C7A3FEA54F0111CA2CBB = {
			fileRef = 1058C7A1FEA54F0111CA2CBB;
			isa = PBXBuildFile;
			settings = {
			};
		};
//100
//101
//102
//103
//104
//170
//171
//172
//173
//174
		17587328FF379C6511CA2CBB = {
			isa = PBXApplicationReference;
			path = TiLP.app;
			refType = 3;
		};
//170
//171
//172
//173
//174
//190
//191
//192
//193
//194
		19C28FACFE9D520D11CA2CBB = {
			children = (
				17587328FF379C6511CA2CBB,
			);
			isa = PBXGroup;
			name = Products;
			refType = 4;
		};
//190
//191
//192
//193
//194
//290
//291
//292
//293
//294
		29B97313FDCFA39411CA2CEA = {
			buildStyles = (
				4A9504CCFFE6A4B311CA0CBA,
				4A9504CDFFE6A4B311CA0CBA,
			);
			isa = PBXProject;
			mainGroup = 29B97314FDCFA39411CA2CEA;
			projectDirPath = "";
			targets = (
				29B97326FDCFA39411CA2CEA,
			);
		};
		29B97314FDCFA39411CA2CEA = {
			children = (
				29B97315FDCFA39411CA2CEA,
				F50E4E81017F224201000103,
				080E96DDFE201D6D7F000001,
				F582706C0176297F01000102,
				F582709D01762ABB01000102,
				29B97317FDCFA39411CA2CEA,
				29B97323FDCFA39411CA2CEA,
				19C28FACFE9D520D11CA2CBB,
			);
			isa = PBXGroup;
			name = TiLP;
			path = "";
			refType = 4;
		};
		29B97315FDCFA39411CA2CEA = {
			children = (
				29B97316FDCFA39411CA2CEA,
				F50FDB8E0179C7F801000102,
			);
			isa = PBXGroup;
			name = "OS X dep";
			path = "";
			refType = 2;
		};
		29B97316FDCFA39411CA2CEA = {
			isa = PBXFileReference;
			path = main.m;
			refType = 4;
		};
		29B97317FDCFA39411CA2CEA = {
			children = (
				F5090AF30178A67A01000102,
				089C165CFE840E0CC02AAC07,
				00FFA4BA01707A727F000001,
				00FFA4BC01707AE57F000001,
				00FFA4BE01707B147F000001,
				00FFA4C401707C907F000001,
			);
			isa = PBXGroup;
			name = Resources;
			path = "";
			refType = 4;
		};
		29B97323FDCFA39411CA2CEA = {
			children = (
				1058C7A0FEA54F0111CA2CBB,
				1058C7A2FEA54F0111CA2CBB,
			);
			isa = PBXGroup;
			name = Frameworks;
			path = "";
			refType = 4;
		};
		29B97324FDCFA39411CA2CEA = {
			isa = PBXFrameworkReference;
			name = AppKit.framework;
			path = /System/Library/Frameworks/AppKit.framework;
			refType = 0;
		};
		29B97325FDCFA39411CA2CEA = {
			isa = PBXFrameworkReference;
			name = Foundation.framework;
			path = /System/Library/Frameworks/Foundation.framework;
			refType = 0;
		};
		29B97326FDCFA39411CA2CEA = {
			buildPhases = (
				29B97327FDCFA39411CA2CEA,
				29B97328FDCFA39411CA2CEA,
				29B9732BFDCFA39411CA2CEA,
				29B9732DFDCFA39411CA2CEA,
				043355C9FE30361CC02AAC07,
			);
			buildSettings = {
				FRAMEWORK_SEARCH_PATHS = "";
				HEADER_SEARCH_PATHS = "";
				INSTALL_PATH = "$(HOME)/Applications";
				LIBRARY_SEARCH_PATHS = "";
				OTHER_CFLAGS = "-DHAVE_CONFIG_H -D__MACOSX__";
				OTHER_LDFLAGS = "";
				PRODUCT_NAME = TiLP;
				SECTORDER_FLAGS = "";
				WARNING_CFLAGS = "-Wmost -Wno-four-char-constants -Wno-unknown-pragmas -Wno-precomp";
				WRAPPER_EXTENSION = app;
			};
			dependencies = (
			);
			isa = PBXApplicationTarget;
			name = TiLP;
			productInstallPath = "$(HOME)/Applications";
			productName = TiLP;
			productReference = 17587328FF379C6511CA2CBB;
			productSettingsXML = "<?xml version=\"1.0\" encoding=\"UTF-8\"?>
<!DOCTYPE plist SYSTEM \"file://localhost/System/Library/DTDs/PropertyList.dtd\">
<plist version=\"0.9\">
<dict>
	<key>CFBundleDevelopmentRegion</key>
	<string>English</string>
	<key>CFBundleExecutable</key>
	<string>TiLP</string>
	<key>CFBundleGetInfoString</key>
	<string>TiLP is a Linking Program for TI calculators</string>
	<key>CFBundleIconFile</key>
	<string></string>
	<key>CFBundleIdentifier</key>
	<string>net.sf.tilp</string>
	<key>CFBundleInfoDictionaryVersion</key>
	<string>6.0</string>
	<key>CFBundleName</key>
	<string>TiLP</string>
	<key>CFBundlePackageType</key>
	<string>APPL</string>
	<key>CFBundleShortVersionString</key>
	<string>4.51-osx0.1.0</string>
	<key>CFBundleSignature</key>
	<string>JBRL</string>
	<key>CFBundleVersion</key>
	<string>0.1.0</string>
	<key>NSMainNibFile</key>
	<string>MainMenu</string>
	<key>NSPrincipalClass</key>
	<string>NSApplication</string>
</dict>
</plist>
";
			shouldUseHeadermap = 1;
		};
		29B97327FDCFA39411CA2CEA = {
			buildActionMask = 2147483647;
			files = (
				F58270660176284A01000102,
				F51316010178382A01000102,
				F514E0E50178CA7001000102,
				F50FDB8F0179C7F801000102,
				F50FDB980179D45601000102,
				F50FDB990179D45601000102,
				F50FDB9A0179D45601000102,
				F50FDB9C0179D45601000102,
				F50FDB9E0179D45601000102,
				F50FDBA00179D45601000102,
				F50FDBA10179D45601000102,
				F50FDBA20179D45601000102,
				F50FDBA30179D45601000102,
				F50FDBA40179D45601000102,
				F50FDBA50179D45601000102,
				F50FDBA60179D45601000102,
				F50FDBA70179D45601000102,
				F50FDBA80179D45601000102,
				F50FDBA90179D45601000102,
				F50FDBAA0179D45601000102,
				F50FDBAB0179D45601000102,
				F50FDBAC0179D45601000102,
				F50FDBAD0179D45601000102,
				F50FDBAE0179D45601000102,
				F50FDBAF0179D45601000102,
				F50FDBB00179D45601000102,
				F50FDBB10179D45601000102,
				F50FDBB20179D45601000102,
				F50FDBB30179D45601000102,
				F50E4E78017F17D801000103,
				F50E4E7C017F181501000103,
				F50E4E8A017F249701000103,
				F5D45989017F4A2001000103,
				F536EFB90180C7CB01000103,
				F50D8E5D0181A1D501000102,
			);
			isa = PBXHeadersBuildPhase;
			name = Headers;
		};
		29B97328FDCFA39411CA2CEA = {
			buildActionMask = 2147483647;
			files = (
				089C165EFE840E0CC02AAC07,
				00FFA4BB01707A727F000001,
				00FFA4BD01707AE57F000001,
				00FFA4BF01707B147F000001,
				00FFA4C501707C907F000001,
				F5090AF50178A67A01000102,
			);
			isa = PBXResourcesBuildPhase;
			name = "Bundle Resources";
		};
		29B9732BFDCFA39411CA2CEA = {
			buildActionMask = 2147483647;
			files = (
				29B9732CFDCFA39411CA2CEA,
				F58270670176284A01000102,
				F51316020178382A01000102,
				F514E0E60178CA7001000102,
				F50FDB900179CA0B01000102,
				F50FDB910179D3E101000102,
				F50FDB920179D3E101000102,
				F50FDB930179D3E101000102,
				F50FDB940179D3E101000102,
				F50E4E79017F17D801000103,
				F50E4E7D017F181601000103,
				F50E4E8B017F249701000103,
				F5D45984017F491C01000103,
				F5D45985017F491C01000103,
				F5D45986017F491C01000103,
				F5D45987017F491C01000103,
				F50D8E550181700601000102,
				F50D8E560181707F01000102,
				F50D8E570181721101000102,
				F50D8E5A018175BC01000102,
				F50D8E5F0181A22D01000102,
			);
			isa = PBXSourcesBuildPhase;
			name = Sources;
		};
		29B9732CFDCFA39411CA2CEA = {
			fileRef = 29B97316FDCFA39411CA2CEA;
			isa = PBXBuildFile;
			settings = {
				ATTRIBUTES = (
				);
			};
		};
		29B9732DFDCFA39411CA2CEA = {
			buildActionMask = 2147483647;
			files = (
				1058C7A3FEA54F0111CA2CBB,
				F5090AF10178A61401000102,
				F5090AF20178A61401000102,
				F51283E201797CFA01000102,
				F51283E301797CFA01000102,
				F51283E401797CFA01000102,
			);
			isa = PBXFrameworksBuildPhase;
			name = "Frameworks & Libraries";
		};
//290
//291
//292
//293
//294
//4A0
//4A1
//4A2
//4A3
//4A4
		4A9504CCFFE6A4B311CA0CBA = {
			buildRules = (
			);
			buildSettings = {
				COPY_PHASE_STRIP = NO;
				OPTIMIZATION_CFLAGS = "-O0";
			};
			isa = PBXBuildStyle;
			name = Development;
		};
		4A9504CDFFE6A4B311CA0CBA = {
			buildRules = (
			);
			buildSettings = {
				COPY_PHASE_STRIP = YES;
			};
			isa = PBXBuildStyle;
			name = Deployment;
		};
//4A0
//4A1
//4A2
//4A3
//4A4
//F50
//F51
//F52
//F53
//F54
		F5090AF10178A61401000102 = {
			fileRef = 29B97325FDCFA39411CA2CEA;
			isa = PBXBuildFile;
			settings = {
			};
		};
		F5090AF20178A61401000102 = {
			fileRef = 29B97324FDCFA39411CA2CEA;
			isa = PBXBuildFile;
			settings = {
			};
		};
		F5090AF30178A67A01000102 = {
			children = (
				F5090AF40178A67A01000102,
			);
			isa = PBXVariantGroup;
			name = MainMenu.nib;
			path = "";
			refType = 2;
		};
		F5090AF40178A67A01000102 = {
			isa = PBXFileReference;
			name = English;
			path = English.lproj/MainMenu.nib;
			refType = 4;
		};
		F5090AF50178A67A01000102 = {
			fileRef = F5090AF30178A67A01000102;
			isa = PBXBuildFile;
			settings = {
			};
		};
		F50D8E550181700601000102 = {
			fileRef = F582714B01762C7701000102;
			isa = PBXBuildFile;
			settings = {
			};
		};
		F50D8E560181707F01000102 = {
			fileRef = F582714A01762C7701000102;
			isa = PBXBuildFile;
			settings = {
			};
		};
		F50D8E570181721101000102 = {
			fileRef = F58271DD01762CF701000102;
			isa = PBXBuildFile;
			settings = {
			};
		};
		F50D8E5A018175BC01000102 = {
			fileRef = F582715201762C7701000102;
			isa = PBXBuildFile;
			settings = {
			};
		};
		F50D8E5C0181A1D401000102 = {
			isa = PBXFileReference;
			path = cocoa_config.h;
			refType = 4;
		};
		F50D8E5D0181A1D501000102 = {
			fileRef = F50D8E5C0181A1D401000102;
			isa = PBXBuildFile;
			settings = {
			};
		};
		F50D8E5E0181A22D01000102 = {
			isa = PBXFileReference;
			path = cocoa_config.m;
			refType = 4;
		};
		F50D8E5F0181A22D01000102 = {
			fileRef = F50D8E5E0181A22D01000102;
			isa = PBXBuildFile;
			settings = {
			};
		};
		F50E4E76017F17D701000103 = {
			isa = PBXFileReference;
			path = BoxesController.h;
			refType = 4;
		};
		F50E4E77017F17D701000103 = {
			isa = PBXFileReference;
			path = BoxesController.m;
			refType = 4;
		};
		F50E4E78017F17D801000103 = {
			fileRef = F50E4E76017F17D701000103;
			isa = PBXBuildFile;
			settings = {
			};
		};
		F50E4E79017F17D801000103 = {
			fileRef = F50E4E77017F17D701000103;
			isa = PBXBuildFile;
			settings = {
			};
		};
		F50E4E7A017F181501000103 = {
			isa = PBXFileReference;
			path = TilpController.h;
			refType = 4;
		};
		F50E4E7B017F181501000103 = {
			isa = PBXFileReference;
			path = TilpController.m;
			refType = 4;
		};
		F50E4E7C017F181501000103 = {
			fileRef = F50E4E7A017F181501000103;
			isa = PBXBuildFile;
			settings = {
			};
		};
		F50E4E7D017F181601000103 = {
			fileRef = F50E4E7B017F181501000103;
			isa = PBXBuildFile;
			settings = {
			};
		};
		F50E4E81017F224201000103 = {
			children = (
				F50E4E82017F224201000103,
				F50E4E83017F224201000103,
			);
			isa = PBXGroup;
			name = "GUI cocoa";
			refType = 4;
		};
		F50E4E82017F224201000103 = {
			children = (
				F50E4E89017F249701000103,
				F536EFB80180C7CA01000103,
				F50D8E5C0181A1D401000102,
			);
			isa = PBXGroup;
			name = Headers;
			refType = 4;
		};
		F50E4E83017F224201000103 = {
			children = (
				F50E4E88017F249701000103,
				F50D8E5E0181A22D01000102,
			);
			isa = PBXGroup;
			name = Sources;
			refType = 4;
		};
		F50E4E88017F249701000103 = {
			isa = PBXFileReference;
			path = cocoa_msg_sheets.m;
			refType = 2;
		};
		F50E4E89017F249701000103 = {
			isa = PBXFileReference;
			path = cocoa_msg_sheets.h;
			refType = 2;
		};
		F50E4E8A017F249701000103 = {
			fileRef = F50E4E89017F249701000103;
			isa = PBXBuildFile;
			settings = {
			};
		};
		F50E4E8B017F249701000103 = {
			fileRef = F50E4E88017F249701000103;
			isa = PBXBuildFile;
			settings = {
			};
		};
		F50FDB8E0179C7F801000102 = {
			isa = PBXFileReference;
			path = config.h;
			refType = 4;
		};
		F50FDB8F0179C7F801000102 = {
			fileRef = F50FDB8E0179C7F801000102;
			isa = PBXBuildFile;
			settings = {
			};
		};
		F50FDB900179CA0B01000102 = {
			fileRef = F58271E001762CF701000102;
			isa = PBXBuildFile;
			settings = {
			};
		};
		F50FDB910179D3E101000102 = {
			fileRef = F58271E201762CF701000102;
			isa = PBXBuildFile;
			settings = {
			};
		};
		F50FDB920179D3E101000102 = {
			fileRef = F58271E301762CF701000102;
			isa = PBXBuildFile;
			settings = {
			};
		};
		F50FDB930179D3E101000102 = {
			fileRef = F58271E501762CF701000102;
			isa = PBXBuildFile;
			settings = {
			};
		};
		F50FDB940179D3E101000102 = {
			fileRef = F58271E701762CF701000102;
			isa = PBXBuildFile;
			settings = {
			};
		};
		F50FDB980179D45601000102 = {
			fileRef = F582711E01762AFA01000102;
			isa = PBXBuildFile;
			settings = {
			};
		};
		F50FDB990179D45601000102 = {
			fileRef = F582711F01762AFA01000102;
			isa = PBXBuildFile;
			settings = {
			};
		};
		F50FDB9A0179D45601000102 = {
			fileRef = F582712101762AFA01000102;
			isa = PBXBuildFile;
			settings = {
			};
		};
		F50FDB9C0179D45601000102 = {
			fileRef = F582712301762AFA01000102;
			isa = PBXBuildFile;
			settings = {
			};
		};
		F50FDB9E0179D45601000102 = {
			fileRef = F582712701762AFA01000102;
			isa = PBXBuildFile;
			settings = {
			};
		};
		F50FDBA00179D45601000102 = {
			fileRef = F582712901762AFA01000102;
			isa = PBXBuildFile;
			settings = {
			};
		};
		F50FDBA10179D45601000102 = {
			fileRef = F582712B01762AFA01000102;
			isa = PBXBuildFile;
			settings = {
			};
		};
		F50FDBA20179D45601000102 = {
			fileRef = F582712D01762AFA01000102;
			isa = PBXBuildFile;
			settings = {
			};
		};
		F50FDBA30179D45601000102 = {
			fileRef = F582712F01762AFA01000102;
			isa = PBXBuildFile;
			settings = {
			};
		};
		F50FDBA40179D45601000102 = {
			fileRef = F582707201762A8B01000102;
			isa = PBXBuildFile;
			settings = {
			};
		};
		F50FDBA50179D45601000102 = {
			fileRef = F582707601762A8B01000102;
			isa = PBXBuildFile;
			settings = {
			};
		};
		F50FDBA60179D45601000102 = {
			fileRef = F582707701762A8B01000102;
			isa = PBXBuildFile;
			settings = {
			};
		};
		F50FDBA70179D45601000102 = {
			fileRef = F582707901762A8B01000102;
			isa = PBXBuildFile;
			settings = {
			};
		};
		F50FDBA80179D45601000102 = {
			fileRef = F582707A01762A8B01000102;
			isa = PBXBuildFile;
			settings = {
			};
		};
		F50FDBA90179D45601000102 = {
			fileRef = F582707B01762A8B01000102;
			isa = PBXBuildFile;
			settings = {
			};
		};
		F50FDBAA0179D45601000102 = {
			fileRef = F582707C01762A8B01000102;
			isa = PBXBuildFile;
			settings = {
			};
		};
		F50FDBAB0179D45601000102 = {
			fileRef = F582707D01762A8B01000102;
			isa = PBXBuildFile;
			settings = {
			};
		};
		F50FDBAC0179D45601000102 = {
			fileRef = F582707E01762A8B01000102;
			isa = PBXBuildFile;
			settings = {
			};
		};
		F50FDBAD0179D45601000102 = {
			fileRef = F582707F01762A8B01000102;
			isa = PBXBuildFile;
			settings = {
			};
		};
		F50FDBAE0179D45601000102 = {
			fileRef = F582708001762A8B01000102;
			isa = PBXBuildFile;
			settings = {
			};
		};
		F50FDBAF0179D45601000102 = {
			fileRef = F582708101762A8B01000102;
			isa = PBXBuildFile;
			settings = {
			};
		};
		F50FDBB00179D45601000102 = {
			fileRef = F582708201762A8B01000102;
			isa = PBXBuildFile;
			settings = {
			};
		};
		F50FDBB10179D45601000102 = {
			fileRef = F582708301762A8B01000102;
			isa = PBXBuildFile;
			settings = {
			};
		};
		F50FDBB20179D45601000102 = {
			fileRef = F582708401762A8B01000102;
			isa = PBXBuildFile;
			settings = {
			};
		};
		F50FDBB30179D45601000102 = {
			fileRef = F582708501762A8B01000102;
			isa = PBXBuildFile;
			settings = {
			};
		};
		F51283DF01797CFA01000102 = {
			isa = PBXFrameworkReference;
			name = glib.framework;
			path = /System/Library/Frameworks/glib.framework;
			refType = 0;
		};
		F51283E001797CFA01000102 = {
			isa = PBXFrameworkReference;
			name = libticables.framework;
			path = /System/Library/Frameworks/libticables.framework;
			refType = 0;
		};
		F51283E101797CFA01000102 = {
			isa = PBXFrameworkReference;
			name = libticalcs.framework;
			path = /System/Library/Frameworks/libticalcs.framework;
			refType = 0;
		};
		F51283E201797CFA01000102 = {
			fileRef = F51283DF01797CFA01000102;
			isa = PBXBuildFile;
			settings = {
			};
		};
		F51283E301797CFA01000102 = {
			fileRef = F51283E001797CFA01000102;
			isa = PBXBuildFile;
			settings = {
			};
		};
		F51283E401797CFA01000102 = {
			fileRef = F51283E101797CFA01000102;
			isa = PBXBuildFile;
			settings = {
			};
		};
		F51315FF0178382A01000102 = {
			isa = PBXFileReference;
			path = MenuController.m;
			refType = 2;
		};
		F51316000178382A01000102 = {
			isa = PBXFileReference;
			path = MenuController.h;
			refType = 2;
		};
		F51316010178382A01000102 = {
			fileRef = F51316000178382A01000102;
			isa = PBXBuildFile;
			settings = {
			};
		};
		F51316020178382A01000102 = {
			fileRef = F51315FF0178382A01000102;
			isa = PBXBuildFile;
			settings = {
			};
		};
		F514E0E30178CA7001000102 = {
			isa = PBXFileReference;
			path = PrefsController.m;
			refType = 4;
		};
		F514E0E40178CA7001000102 = {
			isa = PBXFileReference;
			path = PrefsController.h;
			refType = 4;
		};
		F514E0E50178CA7001000102 = {
			fileRef = F514E0E40178CA7001000102;
			isa = PBXBuildFile;
			settings = {
			};
		};
		F514E0E60178CA7001000102 = {
			fileRef = F514E0E30178CA7001000102;
			isa = PBXBuildFile;
			settings = {
			};
		};
		F536EFB80180C7CA01000103 = {
			isa = PBXFileReference;
			path = cocoa_structs.h;
			refType = 4;
		};
		F536EFB90180C7CB01000103 = {
			fileRef = F536EFB80180C7CA01000103;
			isa = PBXBuildFile;
			settings = {
			};
		};
		F58270630176284A01000102 = {
			isa = PBXFileReference;
			path = ToolbarController.m;
			refType = 2;
		};
		F58270640176284A01000102 = {
			children = (
				F50E4E76017F17D701000103,
				F514E0E40178CA7001000102,
				F51316000178382A01000102,
				F58270650176284A01000102,
				F50E4E7A017F181501000103,
			);
			isa = PBXGroup;
			name = Headers;
			refType = 4;
		};
		F58270650176284A01000102 = {
			isa = PBXFileReference;
			path = ToolbarController.h;
			refType = 2;
		};
		F58270660176284A01000102 = {
			fileRef = F58270650176284A01000102;
			isa = PBXBuildFile;
			settings = {
			};
		};
		F58270670176284A01000102 = {
			fileRef = F58270630176284A01000102;
			isa = PBXBuildFile;
			settings = {
			};
		};
		F582706B0176297F01000102 = {
			children = (
				F50E4E77017F17D701000103,
				F514E0E30178CA7001000102,
				F51315FF0178382A01000102,
				F58270630176284A01000102,
				F50E4E7B017F181501000103,
			);
			isa = PBXGroup;
			name = Sources;
			refType = 4;
		};
		F582706C0176297F01000102 = {
			children = (
				F582706D0176297F01000102,
				F582706E0176297F01000102,
			);
			isa = PBXGroup;
			name = "GUI Indep";
			path = "";
			refType = 4;
		};
		F582706D0176297F01000102 = {
			children = (
				F582711E01762AFA01000102,
				F582711F01762AFA01000102,
				F582712101762AFA01000102,
				F582712201762AFA01000102,
				F582712301762AFA01000102,
				F582712601762AFA01000102,
				F582712701762AFA01000102,
				F582712801762AFA01000102,
				F582712901762AFA01000102,
				F582712B01762AFA01000102,
				F582712C01762AFA01000102,
				F582712D01762AFA01000102,
				F582712F01762AFA01000102,
				F582707201762A8B01000102,
				F582707601762A8B01000102,
				F582707701762A8B01000102,
				F582707801762A8B01000102,
				F582707901762A8B01000102,
				F582707A01762A8B01000102,
				F582707B01762A8B01000102,
				F582707C01762A8B01000102,
				F582707D01762A8B01000102,
				F582707E01762A8B01000102,
				F582707F01762A8B01000102,
				F582708001762A8B01000102,
				F582708101762A8B01000102,
				F582708201762A8B01000102,
				F582708301762A8B01000102,
				F582708401762A8B01000102,
				F582708501762A8B01000102,
				F5D45988017F4A1F01000103,
			);
			isa = PBXGroup;
			name = Headers;
			refType = 4;
		};
		F582706E0176297F01000102 = {
			children = (
				F58271DD01762CF701000102,
				F58271DF01762CF701000102,
				F58271E001762CF701000102,
				F58271E101762CF701000102,
				F58271E201762CF701000102,
				F58271E301762CF701000102,
				F58271E401762CF701000102,
				F58271E501762CF701000102,
				F58271E701762CF701000102,
				F582714701762C7701000102,
				F582714A01762C7701000102,
				F582714B01762C7701000102,
				F582714C01762C7701000102,
				F582714D01762C7701000102,
				F582714E01762C7701000102,
				F582714F01762C7701000102,
				F582715001762C7701000102,
				F582715101762C7701000102,
				F582715201762C7701000102,
				F582715301762C7701000102,
				F582715401762C7701000102,
				F582715501762C7701000102,
			);
			isa = PBXGroup;
			name = Sources;
			refType = 4;
		};
		F582706F01762A8B01000102 = {
			isa = PBXFileReference;
			name = gstruct.h;
			path = /Users/julien/devel/TiLP/src/gstruct.h;
			refType = 0;
		};
		F582707001762A8B01000102 = {
			isa = PBXFileReference;
			name = gselect.h;
			path = /Users/julien/devel/TiLP/src/gselect.h;
			refType = 0;
		};
		F582707101762A8B01000102 = {
			isa = PBXFileReference;
			name = gpbar.h;
			path = /Users/julien/devel/TiLP/src/gpbar.h;
			refType = 0;
		};
		F582707201762A8B01000102 = {
			isa = PBXFileReference;
			name = gpakfile.h;
			path = ../src/gpakfile.h;
			refType = 2;
		};
		F582707301762A8B01000102 = {
			isa = PBXFileReference;
			name = glist.h;
			path = /Users/julien/devel/TiLP/src/glist.h;
			refType = 0;
		};
		F582707401762A8B01000102 = {
			isa = PBXFileReference;
			name = ginfo.h;
			path = /Users/julien/devel/TiLP/src/ginfo.h;
			refType = 0;
		};
		F582707501762A8B01000102 = {
			isa = PBXFileReference;
			name = g_inc.h;
			path = /Users/julien/devel/TiLP/src/g_inc.h;
			refType = 0;
		};
		F582707601762A8B01000102 = {
			isa = PBXFileReference;
			name = files.h;
			path = ../src/files.h;
			refType = 2;
		};
		F582707701762A8B01000102 = {
			isa = PBXFileReference;
			name = error.h;
			path = ../src/error.h;
			refType = 2;
		};
		F582707801762A8B01000102 = {
			isa = PBXFileReference;
			name = dep.h;
			path = ../src/dep.h;
			refType = 2;
		};
		F582707901762A8B01000102 = {
			isa = PBXFileReference;
			name = defs.h;
			path = ../src/defs.h;
			refType = 2;
		};
		F582707A01762A8B01000102 = {
			isa = PBXFileReference;
			name = convxx.h;
			path = ../src/convxx.h;
			refType = 2;
		};
		F582707B01762A8B01000102 = {
			isa = PBXFileReference;
			name = conv_inc.h;
			path = ../src/conv_inc.h;
			refType = 2;
		};
		F582707C01762A8B01000102 = {
			isa = PBXFileReference;
			name = conv86.h;
			path = ../src/conv86.h;
			refType = 2;
		};
		F582707D01762A8B01000102 = {
			isa = PBXFileReference;
			name = conv85.h;
			path = ../src/conv85.h;
			refType = 2;
		};
		F582707E01762A8B01000102 = {
			isa = PBXFileReference;
			name = conv83.h;
			path = ../src/conv83.h;
			refType = 2;
		};
		F582707F01762A8B01000102 = {
			isa = PBXFileReference;
			name = conv82.h;
			path = ../src/conv82.h;
			refType = 2;
		};
		F582708001762A8B01000102 = {
			isa = PBXFileReference;
			name = cmdinterface.h;
			path = ../src/cmdinterface.h;
			refType = 2;
		};
		F582708101762A8B01000102 = {
			isa = PBXFileReference;
			name = cl_refresh.h;
			path = ../src/cl_refresh.h;
			refType = 2;
		};
		F582708201762A8B01000102 = {
			isa = PBXFileReference;
			name = cl_indep.h;
			path = ../src/cl_indep.h;
			refType = 2;
		};
		F582708301762A8B01000102 = {
			isa = PBXFileReference;
			name = cl_inc.h;
			path = ../src/cl_inc.h;
			refType = 2;
		};
		F582708401762A8B01000102 = {
			isa = PBXFileReference;
			name = cb_misc.h;
			path = ../src/cb_misc.h;
			refType = 2;
		};
		F582708501762A8B01000102 = {
			isa = PBXFileReference;
			name = cb_calc.h;
			path = ../src/cb_calc.h;
			refType = 2;
		};
		F582709D01762ABB01000102 = {
			children = (
				F582709E01762ABB01000102,
				F582709F01762ABB01000102,
			);
			isa = PBXGroup;
			name = "GUI GTK";
			refType = 4;
		};
		F582709E01762ABB01000102 = {
			children = (
				F582712001762AFA01000102,
				F582712E01762AFA01000102,
				F582713001762AFA01000102,
				F582713101762AFA01000102,
				F582706F01762A8B01000102,
				F582707001762A8B01000102,
				F582707101762A8B01000102,
				F582707301762A8B01000102,
				F582707401762A8B01000102,
				F582707501762A8B01000102,
				F58270A001762AD501000102,
				F58270A101762AD501000102,
				F58270A201762AD501000102,
				F58270A301762AD501000102,
				F58270A401762AD501000102,
				F58270A501762AD501000102,
				F58270A601762AD501000102,
				F58270A701762AD501000102,
				F58270A801762AD501000102,
				F58270A901762AD501000102,
				F58270AA01762AD501000102,
				F58270AB01762AD501000102,
				F58270AC01762AD501000102,
				F58270AD01762AD501000102,
				F58270AE01762AD501000102,
				F58270AF01762AD501000102,
				F58270B001762AD501000102,
				F58270B101762AD501000102,
				F58270B201762AD501000102,
				F58270B301762AD501000102,
				F58270B401762AD501000102,
				F58270B501762AD501000102,
				F58270B601762AD501000102,
				F58270B701762AD501000102,
				F58270B801762AD501000102,
				F58270B901762AD501000102,
				F58270BA01762AD501000102,
				F58270BB01762AD501000102,
				F58270BC01762AD501000102,
				F58270BD01762AD501000102,
				F58270BE01762AD501000102,
				F58270BF01762AD501000102,
				F58270C001762AD501000102,
				F58270C101762AD501000102,
				F58270C201762AD501000102,
				F58270C301762AD501000102,
				F58270C401762AD501000102,
				F58270C501762AD501000102,
				F58270C601762AD501000102,
				F58270C701762AD501000102,
				F58270C801762AD501000102,
				F58270C901762AD501000102,
				F58270CA01762AD501000102,
				F58270CB01762AD501000102,
				F58270CC01762AD501000102,
				F58270CD01762AD501000102,
				F58270CE01762AD501000102,
				F58270CF01762AD501000102,
				F58270D001762AD501000102,
				F58270D101762AD501000102,
				F58270D201762AD501000102,
				F58270D301762AD501000102,
				F58270D401762AD501000102,
				F58270D501762AD501000102,
				F58270D601762AD501000102,
				F58270D701762AD501000102,
				F58270D801762AD501000102,
				F58270D901762AD501000102,
				F58270DA01762AD501000102,
				F58270DB01762AD501000102,
				F58270DC01762AD501000102,
				F58270DD01762AD501000102,
				F58270DE01762AD501000102,
			);
			isa = PBXGroup;
			name = Headers;
			refType = 4;
		};
		F582709F01762ABB01000102 = {
			children = (
				F58271E601762CF701000102,
				F58271E801762CF701000102,
				F58271E901762CF701000102,
				F582714601762C7701000102,
				F582714801762C7701000102,
				F582714901762C7701000102,
				F58271DC01762CF701000102,
				F582716601762CAD01000102,
				F582716701762CAD01000102,
				F582716801762CAD01000102,
				F582716901762CAD01000102,
				F582716A01762CAD01000102,
				F582716B01762CAD01000102,
				F582716C01762CAD01000102,
				F582716D01762CAD01000102,
				F582716E01762CAD01000102,
				F582716F01762CAD01000102,
				F582717001762CAD01000102,
				F582717101762CAD01000102,
				F582717201762CAD01000102,
				F582717301762CAD01000102,
				F582717401762CAD01000102,
				F582717501762CAD01000102,
				F582717601762CAD01000102,
				F582717701762CAD01000102,
				F582717801762CAD01000102,
				F582717901762CAD01000102,
				F582717A01762CAD01000102,
				F582717B01762CAD01000102,
				F582717C01762CAD01000102,
				F582717D01762CAD01000102,
				F582717E01762CAD01000102,
				F582717F01762CAD01000102,
				F582718001762CAD01000102,
				F582718101762CAD01000102,
				F582718201762CAD01000102,
				F582718301762CAD01000102,
				F582718401762CAD01000102,
				F582718501762CAD01000102,
				F582718601762CAD01000102,
				F582718701762CAD01000102,
				F582718801762CAD01000102,
				F582718901762CAD01000102,
				F582718A01762CAD01000102,
				F582718B01762CAD01000102,
				F582718C01762CAD01000102,
				F582718D01762CAD01000102,
				F582718E01762CAD01000102,
				F582718F01762CAD01000102,
				F582719001762CAD01000102,
				F582719101762CAD01000102,
				F582719201762CAD01000102,
				F582719301762CAD01000102,
				F582719401762CAD01000102,
				F582719501762CAD01000102,
				F582719601762CAD01000102,
				F582719701762CAD01000102,
				F582719801762CAD01000102,
				F582719901762CAD01000102,
				F582719A01762CAD01000102,
				F582719B01762CAD01000102,
				F582719C01762CAD01000102,
				F582719D01762CAD01000102,
				F582719E01762CAD01000102,
				F582719F01762CAD01000102,
				F58271A001762CAD01000102,
			);
			isa = PBXGroup;
			name = Sources;
			refType = 4;
		};
		F58270A001762AD501000102 = {
			isa = PBXFileReference;
			name = gtk_entry_dbox.h;
			path = /Users/julien/devel/TiLP/src/gtk_entry_dbox.h;
			refType = 0;
		};
		F58270A101762AD501000102 = {
			isa = PBXFileReference;
			name = gtk_entry_cb.h;
			path = /Users/julien/devel/TiLP/src/gtk_entry_cb.h;
			refType = 0;
		};
		F58270A201762AD501000102 = {
			isa = PBXFileReference;
			name = gtk_delay_dbox.h;
			path = /Users/julien/devel/TiLP/src/gtk_delay_dbox.h;
			refType = 0;
		};
		F58270A301762AD501000102 = {
			isa = PBXFileReference;
			name = gtk_delay_cb.h;
			path = /Users/julien/devel/TiLP/src/gtk_delay_cb.h;
			refType = 0;
		};
		F58270A401762AD501000102 = {
			isa = PBXFileReference;
			name = gtk_clist_rbm.h;
			path = /Users/julien/devel/TiLP/src/gtk_clist_rbm.h;
			refType = 0;
		};
		F58270A501762AD501000102 = {
			isa = PBXFileReference;
			name = gtk_clist_cb.h;
			path = /Users/julien/devel/TiLP/src/gtk_clist_cb.h;
			refType = 0;
		};
		F58270A601762AD501000102 = {
			isa = PBXFileReference;
			name = gtk_calc_dbox.h;
			path = /Users/julien/devel/TiLP/src/gtk_calc_dbox.h;
			refType = 0;
		};
		F58270A701762AD501000102 = {
			isa = PBXFileReference;
			name = gtk_calc_cb.h;
			path = /Users/julien/devel/TiLP/src/gtk_calc_cb.h;
			refType = 0;
		};
		F58270A801762AD501000102 = {
			isa = PBXFileReference;
			name = gtk_advanced_dbox.h;
			path = /Users/julien/devel/TiLP/src/gtk_advanced_dbox.h;
			refType = 0;
		};
		F58270A901762AD501000102 = {
			isa = PBXFileReference;
			name = gtk_advanced_cb.h;
			path = /Users/julien/devel/TiLP/src/gtk_advanced_cb.h;
			refType = 0;
		};
		F58270AA01762AD501000102 = {
			isa = PBXFileReference;
			name = gtk_about_dbox.h;
			path = /Users/julien/devel/TiLP/src/gtk_about_dbox.h;
			refType = 0;
		};
		F58270AB01762AD501000102 = {
			isa = PBXFileReference;
			name = gtk_about_cb.h;
			path = /Users/julien/devel/TiLP/src/gtk_about_cb.h;
			refType = 0;
		};
		F58270AC01762AD501000102 = {
			isa = PBXFileReference;
			name = gtk_user_dbox.h;
			path = /Users/julien/devel/TiLP/src/gtk_user_dbox.h;
			refType = 0;
		};
		F58270AD01762AD501000102 = {
			isa = PBXFileReference;
			name = gtk_user_cb.h;
			path = /Users/julien/devel/TiLP/src/gtk_user_cb.h;
			refType = 0;
		};
		F58270AE01762AD501000102 = {
			isa = PBXFileReference;
			name = gtk_timeout_dbox.h;
			path = /Users/julien/devel/TiLP/src/gtk_timeout_dbox.h;
			refType = 0;
		};
		F58270AF01762AD501000102 = {
			isa = PBXFileReference;
			name = gtk_timeout_cb.h;
			path = /Users/julien/devel/TiLP/src/gtk_timeout_cb.h;
			refType = 0;
		};
		F58270B001762AD501000102 = {
			isa = PBXFileReference;
			name = gtk_tilp_dbox.h;
			path = /Users/julien/devel/TiLP/src/gtk_tilp_dbox.h;
			refType = 0;
		};
		F58270B101762AD501000102 = {
			isa = PBXFileReference;
			name = gtk_tilp_cb.h;
			path = /Users/julien/devel/TiLP/src/gtk_tilp_cb.h;
			refType = 0;
		};
		F58270B201762AD501000102 = {
			isa = PBXFileReference;
			name = gtk_tifileinfo_dbox.h;
			path = /Users/julien/devel/TiLP/src/gtk_tifileinfo_dbox.h;
			refType = 0;
		};
		F58270B301762AD501000102 = {
			isa = PBXFileReference;
			name = gtk_tifileinfo_cb.h;
			path = /Users/julien/devel/TiLP/src/gtk_tifileinfo_cb.h;
			refType = 0;
		};
		F58270B401762AD501000102 = {
			isa = PBXFileReference;
			name = gtk_thanks_dbox.h;
			path = /Users/julien/devel/TiLP/src/gtk_thanks_dbox.h;
			refType = 0;
		};
		F58270B501762AD501000102 = {
			isa = PBXFileReference;
			name = gtk_thanks_cb.h;
			path = /Users/julien/devel/TiLP/src/gtk_thanks_cb.h;
			refType = 0;
		};
		F58270B601762AD501000102 = {
			isa = PBXFileReference;
			name = gtk_term_dbox.h;
			path = /Users/julien/devel/TiLP/src/gtk_term_dbox.h;
			refType = 0;
		};
		F58270B701762AD501000102 = {
			isa = PBXFileReference;
			name = gtk_term_cb.h;
			path = /Users/julien/devel/TiLP/src/gtk_term_cb.h;
			refType = 0;
		};
		F58270B801762AD501000102 = {
			isa = PBXFileReference;
			name = gtk_startup_dbox.h;
			path = /Users/julien/devel/TiLP/src/gtk_startup_dbox.h;
			refType = 0;
		};
		F58270B901762AD501000102 = {
			isa = PBXFileReference;
			name = gtk_startup_cb.h;
			path = /Users/julien/devel/TiLP/src/gtk_startup_cb.h;
			refType = 0;
		};
		F58270BA01762AD501000102 = {
			isa = PBXFileReference;
			name = gtk_shell_dbox.h;
			path = /Users/julien/devel/TiLP/src/gtk_shell_dbox.h;
			refType = 0;
		};
		F58270BB01762AD501000102 = {
			isa = PBXFileReference;
			name = gtk_shell_cb.h;
			path = /Users/julien/devel/TiLP/src/gtk_shell_cb.h;
			refType = 0;
		};
		F58270BC01762AD501000102 = {
			isa = PBXFileReference;
			name = gtk_screendump_cb.h;
			path = /Users/julien/devel/TiLP/src/gtk_screendump_cb.h;
			refType = 0;
		};
		F58270BD01762AD501000102 = {
			isa = PBXFileReference;
			name = gtk_scopt_dbox.h;
			path = /Users/julien/devel/TiLP/src/gtk_scopt_dbox.h;
			refType = 0;
		};
		F58270BE01762AD501000102 = {
			isa = PBXFileReference;
			name = gtk_scopt_cb.h;
			path = /Users/julien/devel/TiLP/src/gtk_scopt_cb.h;
			refType = 0;
		};
		F58270BF01762AD501000102 = {
			isa = PBXFileReference;
			name = gtk_romdump_dbox.h;
			path = /Users/julien/devel/TiLP/src/gtk_romdump_dbox.h;
			refType = 0;
		};
		F58270C001762AD501000102 = {
			isa = PBXFileReference;
			name = gtk_romdump_cb.h;
			path = /Users/julien/devel/TiLP/src/gtk_romdump_cb.h;
			refType = 0;
		};
		F58270C101762AD501000102 = {
			isa = PBXFileReference;
			name = gtk_refresh.h;
			path = /Users/julien/devel/TiLP/src/gtk_refresh.h;
			refType = 0;
		};
		F58270C201762AD501000102 = {
			isa = PBXFileReference;
			name = gtk_probeio_dbox.h;
			path = /Users/julien/devel/TiLP/src/gtk_probeio_dbox.h;
			refType = 0;
		};
		F58270C301762AD501000102 = {
			isa = PBXFileReference;
			name = gtk_probeio_cb.h;
			path = /Users/julien/devel/TiLP/src/gtk_probeio_cb.h;
			refType = 0;
		};
		F58270C401762AD501000102 = {
			isa = PBXFileReference;
			name = gtk_plugins_dbox.h;
			path = /Users/julien/devel/TiLP/src/gtk_plugins_dbox.h;
			refType = 0;
		};
		F58270C501762AD501000102 = {
			isa = PBXFileReference;
			name = gtk_plugins_cb.h;
			path = /Users/julien/devel/TiLP/src/gtk_plugins_cb.h;
			refType = 0;
		};
		F58270C601762AD501000102 = {
			isa = PBXFileReference;
			name = gtk_pbar_dbox.h;
			path = /Users/julien/devel/TiLP/src/gtk_pbar_dbox.h;
			refType = 0;
		};
		F58270C701762AD501000102 = {
			isa = PBXFileReference;
			name = gtk_pbar_cb.h;
			path = /Users/julien/devel/TiLP/src/gtk_pbar_cb.h;
			refType = 0;
		};
		F58270C801762AD501000102 = {
			isa = PBXFileReference;
			name = gtk_msg_dbox.h;
			path = /Users/julien/devel/TiLP/src/gtk_msg_dbox.h;
			refType = 0;
		};
		F58270C901762AD501000102 = {
			isa = PBXFileReference;
			name = gtk_msg_cb.h;
			path = /Users/julien/devel/TiLP/src/gtk_msg_cb.h;
			refType = 0;
		};
		F58270CA01762AD501000102 = {
			isa = PBXFileReference;
			name = gtk_manpage_dbox.h;
			path = /Users/julien/devel/TiLP/src/gtk_manpage_dbox.h;
			refType = 0;
		};
		F58270CB01762AD501000102 = {
			isa = PBXFileReference;
			name = gtk_manpage_cb.h;
			path = /Users/julien/devel/TiLP/src/gtk_manpage_cb.h;
			refType = 0;
		};
		F58270CC01762AD501000102 = {
			isa = PBXFileReference;
			name = gtk_linkspeed_dbox.h;
			path = /Users/julien/devel/TiLP/src/gtk_linkspeed_dbox.h;
			refType = 0;
		};
		F58270CD01762AD501000102 = {
			isa = PBXFileReference;
			name = gtk_linkspeed_cb.h;
			path = /Users/julien/devel/TiLP/src/gtk_linkspeed_cb.h;
			refType = 0;
		};
		F58270CE01762AD501000102 = {
			isa = PBXFileReference;
			name = gtk_link_dbox.h;
			path = /Users/julien/devel/TiLP/src/gtk_link_dbox.h;
			refType = 0;
		};
		F58270CF01762AD501000102 = {
			isa = PBXFileReference;
			name = gtk_link_cb.h;
			path = /Users/julien/devel/TiLP/src/gtk_link_cb.h;
			refType = 0;
		};
		F58270D001762AD501000102 = {
			isa = PBXFileReference;
			name = gtk_lang_dbox.h;
			path = /Users/julien/devel/TiLP/src/gtk_lang_dbox.h;
			refType = 0;
		};
		F58270D101762AD501000102 = {
			isa = PBXFileReference;
			name = gtk_lang_cb.h;
			path = /Users/julien/devel/TiLP/src/gtk_lang_cb.h;
			refType = 0;
		};
		F58270D201762AD501000102 = {
			isa = PBXFileReference;
			name = gtk_inc.h;
			path = /Users/julien/devel/TiLP/src/gtk_inc.h;
			refType = 0;
		};
		F58270D301762AD501000102 = {
			isa = PBXFileReference;
			name = gtk_idle_cb.h;
			path = /Users/julien/devel/TiLP/src/gtk_idle_cb.h;
			refType = 0;
		};
		F58270D401762AD501000102 = {
			isa = PBXFileReference;
			name = gtk_help_dbox.h;
			path = /Users/julien/devel/TiLP/src/gtk_help_dbox.h;
			refType = 0;
		};
		F58270D501762AD501000102 = {
			isa = PBXFileReference;
			name = gtk_help_cb.h;
			path = /Users/julien/devel/TiLP/src/gtk_help_cb.h;
			refType = 0;
		};
		F58270D601762AD501000102 = {
			isa = PBXFileReference;
			name = gtk_general_dbox.h;
			path = /Users/julien/devel/TiLP/src/gtk_general_dbox.h;
			refType = 0;
		};
		F58270D701762AD501000102 = {
			isa = PBXFileReference;
			name = gtk_general_cb.h;
			path = /Users/julien/devel/TiLP/src/gtk_general_cb.h;
			refType = 0;
		};
		F58270D801762AD501000102 = {
			isa = PBXFileReference;
			name = gtk_fsel_dbox.h;
			path = /Users/julien/devel/TiLP/src/gtk_fsel_dbox.h;
			refType = 0;
		};
		F58270D901762AD501000102 = {
			isa = PBXFileReference;
			name = gtk_fsel_cb.h;
			path = /Users/julien/devel/TiLP/src/gtk_fsel_cb.h;
			refType = 0;
		};
		F58270DA01762AD501000102 = {
			isa = PBXFileReference;
			name = gtk_font_dbox.h;
			path = /Users/julien/devel/TiLP/src/gtk_font_dbox.h;
			refType = 0;
		};
		F58270DB01762AD501000102 = {
			isa = PBXFileReference;
			name = gtk_font_cb.h;
			path = /Users/julien/devel/TiLP/src/gtk_font_cb.h;
			refType = 0;
		};
		F58270DC01762AD501000102 = {
			isa = PBXFileReference;
			name = gtk_screendump_dbox.h;
			path = /Users/julien/devel/TiLP/src/gtk_screendump_dbox.h;
			refType = 0;
		};
		F58270DD01762AD501000102 = {
			isa = PBXFileReference;
			name = gtk_extprgms_dbox.h;
			path = /Users/julien/devel/TiLP/src/gtk_extprgms_dbox.h;
			refType = 0;
		};
		F58270DE01762AD501000102 = {
			isa = PBXFileReference;
			name = gtk_extprgms_cb.h;
			path = /Users/julien/devel/TiLP/src/gtk_extprgms_cb.h;
			refType = 0;
		};
		F582711E01762AFA01000102 = {
			isa = PBXFileReference;
			name = version.h;
			path = ../src/version.h;
			refType = 2;
		};
		F582711F01762AFA01000102 = {
			isa = PBXFileReference;
			name = tilt_lib.h;
			path = ../src/tilt_lib.h;
			refType = 2;
		};
		F582712001762AFA01000102 = {
			isa = PBXFileReference;
			name = support.h;
			path = /Users/julien/devel/TiLP/src/support.h;
			refType = 0;
		};
		F582712101762AFA01000102 = {
			isa = PBXFileReference;
			name = struct.h;
			path = ../src/struct.h;
			refType = 2;
		};
		F582712201762AFA01000102 = {
			isa = PBXFileReference;
			name = str.h;
			path = ../src/str.h;
			refType = 2;
		};
		F582712301762AFA01000102 = {
			isa = PBXFileReference;
			name = select.h;
			path = ../src/select.h;
			refType = 2;
		};
		F582712601762AFA01000102 = {
			isa = PBXFileReference;
			name = paths.h;
			path = ../src/paths.h;
			refType = 2;
		};
		F582712701762AFA01000102 = {
			isa = PBXFileReference;
			name = pakfile.h;
			path = ../src/pakfile.h;
			refType = 2;
		};
		F582712801762AFA01000102 = {
			isa = PBXFileReference;
			name = misc_inc.h;
			path = ../src/misc_inc.h;
			refType = 2;
		};
		F582712901762AFA01000102 = {
			isa = PBXFileReference;
			name = main.h;
			path = ../src/main.h;
			refType = 2;
		};
		F582712B01762AFA01000102 = {
			isa = PBXFileReference;
			name = info.h;
			path = ../src/info.h;
			refType = 2;
		};
		F582712C01762AFA01000102 = {
			isa = PBXFileReference;
			name = includes.h;
			path = ../src/includes.h;
			refType = 2;
		};
		F582712D01762AFA01000102 = {
			isa = PBXFileReference;
			name = img_fmt.h;
			path = ../src/img_fmt.h;
			refType = 2;
		};
		F582712E01762AFA01000102 = {
			isa = PBXFileReference;
			name = gxpm.h;
			path = /Users/julien/devel/TiLP/src/gxpm.h;
			refType = 0;
		};
		F582712F01762AFA01000102 = {
			isa = PBXFileReference;
			name = gui_indep.h;
			path = ../src/gui_indep.h;
			refType = 2;
		};
		F582713001762AFA01000102 = {
			isa = PBXFileReference;
			name = gtree.h;
			path = /Users/julien/devel/TiLP/src/gtree.h;
			refType = 0;
		};
		F582713101762AFA01000102 = {
			isa = PBXFileReference;
			name = gtoolbar.h;
			path = /Users/julien/devel/TiLP/src/gtoolbar.h;
			refType = 0;
		};
		F582714601762C7701000102 = {
			isa = PBXFileReference;
			name = gselect.c;
			path = /Users/julien/devel/TiLP/src/gselect.c;
			refType = 0;
		};
		F582714701762C7701000102 = {
			isa = PBXFileReference;
			name = gpakfile.c;
			path = ../src/gpakfile.c;
			refType = 2;
		};
		F582714801762C7701000102 = {
			isa = PBXFileReference;
			name = glist.c;
			path = /Users/julien/devel/TiLP/src/glist.c;
			refType = 0;
		};
		F582714901762C7701000102 = {
			isa = PBXFileReference;
			name = ginfo.c;
			path = /Users/julien/devel/TiLP/src/ginfo.c;
			refType = 0;
		};
		F582714A01762C7701000102 = {
			isa = PBXFileReference;
			name = files.c;
			path = ../src/files.c;
			refType = 2;
		};
		F582714B01762C7701000102 = {
			isa = PBXFileReference;
			name = error.c;
			path = ../src/error.c;
			refType = 2;
		};
		F582714C01762C7701000102 = {
			isa = PBXFileReference;
			name = conv86.c;
			path = ../src/conv86.c;
			refType = 2;
		};
		F582714D01762C7701000102 = {
			isa = PBXFileReference;
			name = conv85.c;
			path = ../src/conv85.c;
			refType = 2;
		};
		F582714E01762C7701000102 = {
			isa = PBXFileReference;
			name = conv83.c;
			path = ../src/conv83.c;
			refType = 2;
		};
		F582714F01762C7701000102 = {
			isa = PBXFileReference;
			name = conv82.c;
			path = ../src/conv82.c;
			refType = 2;
		};
		F582715001762C7701000102 = {
			isa = PBXFileReference;
			name = cmdinterface.c;
			path = ../src/cmdinterface.c;
			refType = 2;
		};
		F582715101762C7701000102 = {
			isa = PBXFileReference;
			name = cl_refresh.c;
			path = ../src/cl_refresh.c;
			refType = 2;
		};
		F582715201762C7701000102 = {
			isa = PBXFileReference;
			name = cl_indep.c;
			path = ../src/cl_indep.c;
			refType = 2;
		};
		F582715301762C7701000102 = {
			isa = PBXFileReference;
			name = cb_calc.c;
			path = ../src/cb_calc.c;
			refType = 2;
		};
		F582715401762C7701000102 = {
			isa = PBXFileReference;
			name = cb_screen.c;
			path = ../src/cb_screen.c;
			refType = 2;
		};
		F582715501762C7701000102 = {
			isa = PBXFileReference;
			name = cb_misc.c;
			path = ../src/cb_misc.c;
			refType = 2;
		};
		F582716601762CAD01000102 = {
			isa = PBXFileReference;
			name = gtk_entry_dbox.c;
			path = /Users/julien/devel/TiLP/src/gtk_entry_dbox.c;
			refType = 0;
		};
		F582716701762CAD01000102 = {
			isa = PBXFileReference;
			name = gtk_entry_cb.c;
			path = /Users/julien/devel/TiLP/src/gtk_entry_cb.c;
			refType = 0;
		};
		F582716801762CAD01000102 = {
			isa = PBXFileReference;
			name = gtk_clist_rbm.c;
			path = /Users/julien/devel/TiLP/src/gtk_clist_rbm.c;
			refType = 0;
		};
		F582716901762CAD01000102 = {
			isa = PBXFileReference;
			name = gtk_clist_cb.c;
			path = /Users/julien/devel/TiLP/src/gtk_clist_cb.c;
			refType = 0;
		};
		F582716A01762CAD01000102 = {
			isa = PBXFileReference;
			name = gtk_calc_dbox.c;
			path = /Users/julien/devel/TiLP/src/gtk_calc_dbox.c;
			refType = 0;
		};
		F582716B01762CAD01000102 = {
			isa = PBXFileReference;
			name = gtk_calc_cb.c;
			path = /Users/julien/devel/TiLP/src/gtk_calc_cb.c;
			refType = 0;
		};
		F582716C01762CAD01000102 = {
			isa = PBXFileReference;
			name = gtk_advanced_dbox.c;
			path = /Users/julien/devel/TiLP/src/gtk_advanced_dbox.c;
			refType = 0;
		};
		F582716D01762CAD01000102 = {
			isa = PBXFileReference;
			name = gtk_advanced_cb.c;
			path = /Users/julien/devel/TiLP/src/gtk_advanced_cb.c;
			refType = 0;
		};
		F582716E01762CAD01000102 = {
			isa = PBXFileReference;
			name = gtk_about_cb.c;
			path = /Users/julien/devel/TiLP/src/gtk_about_cb.c;
			refType = 0;
		};
		F582716F01762CAD01000102 = {
			isa = PBXFileReference;
			name = gtk_font_cb.c;
			path = /Users/julien/devel/TiLP/src/gtk_font_cb.c;
			refType = 0;
		};
		F582717001762CAD01000102 = {
			isa = PBXFileReference;
			name = gtk_user_dbox.c;
			path = /Users/julien/devel/TiLP/src/gtk_user_dbox.c;
			refType = 0;
		};
		F582717101762CAD01000102 = {
			isa = PBXFileReference;
			name = gtk_user_cb.c;
			path = /Users/julien/devel/TiLP/src/gtk_user_cb.c;
			refType = 0;
		};
		F582717201762CAD01000102 = {
			isa = PBXFileReference;
			name = gtk_tilp_dbox.c;
			path = /Users/julien/devel/TiLP/src/gtk_tilp_dbox.c;
			refType = 0;
		};
		F582717301762CAD01000102 = {
			isa = PBXFileReference;
			name = gtk_tilp_cb.c;
			path = /Users/julien/devel/TiLP/src/gtk_tilp_cb.c;
			refType = 0;
		};
		F582717401762CAD01000102 = {
			isa = PBXFileReference;
			name = gtk_tifileinfo_dbox.c;
			path = /Users/julien/devel/TiLP/src/gtk_tifileinfo_dbox.c;
			refType = 0;
		};
		F582717501762CAD01000102 = {
			isa = PBXFileReference;
			name = gtk_tifileinfo_cb.c;
			path = /Users/julien/devel/TiLP/src/gtk_tifileinfo_cb.c;
			refType = 0;
		};
		F582717601762CAD01000102 = {
			isa = PBXFileReference;
			name = gtk_thanks_dbox.c;
			path = /Users/julien/devel/TiLP/src/gtk_thanks_dbox.c;
			refType = 0;
		};
		F582717701762CAD01000102 = {
			isa = PBXFileReference;
			name = gtk_thanks_cb.c;
			path = /Users/julien/devel/TiLP/src/gtk_thanks_cb.c;
			refType = 0;
		};
		F582717801762CAD01000102 = {
			isa = PBXFileReference;
			name = gtk_term_dbox.c;
			path = /Users/julien/devel/TiLP/src/gtk_term_dbox.c;
			refType = 0;
		};
		F582717901762CAD01000102 = {
			isa = PBXFileReference;
			name = gtk_term_cb.c;
			path = /Users/julien/devel/TiLP/src/gtk_term_cb.c;
			refType = 0;
		};
		F582717A01762CAD01000102 = {
			isa = PBXFileReference;
			name = gtk_startup_dbox.c;
			path = /Users/julien/devel/TiLP/src/gtk_startup_dbox.c;
			refType = 0;
		};
		F582717B01762CAD01000102 = {
			isa = PBXFileReference;
			name = gtk_startup_cb.c;
			path = /Users/julien/devel/TiLP/src/gtk_startup_cb.c;
			refType = 0;
		};
		F582717C01762CAD01000102 = {
			isa = PBXFileReference;
			name = gtk_shell_dbox.c;
			path = /Users/julien/devel/TiLP/src/gtk_shell_dbox.c;
			refType = 0;
		};
		F582717D01762CAD01000102 = {
			isa = PBXFileReference;
			name = gtk_shell_cb.c;
			path = /Users/julien/devel/TiLP/src/gtk_shell_cb.c;
			refType = 0;
		};
		F582717E01762CAD01000102 = {
			isa = PBXFileReference;
			name = gtk_screendump_cb.c;
			path = /Users/julien/devel/TiLP/src/gtk_screendump_cb.c;
			refType = 0;
		};
		F582717F01762CAD01000102 = {
			isa = PBXFileReference;
			name = gtk_scopt_dbox.c;
			path = /Users/julien/devel/TiLP/src/gtk_scopt_dbox.c;
			refType = 0;
		};
		F582718001762CAD01000102 = {
			isa = PBXFileReference;
			name = gtk_scopt_cb.c;
			path = /Users/julien/devel/TiLP/src/gtk_scopt_cb.c;
			refType = 0;
		};
		F582718101762CAD01000102 = {
			isa = PBXFileReference;
			name = gtk_romdump_dbox.c;
			path = /Users/julien/devel/TiLP/src/gtk_romdump_dbox.c;
			refType = 0;
		};
		F582718201762CAD01000102 = {
			isa = PBXFileReference;
			name = gtk_romdump_cb.c;
			path = /Users/julien/devel/TiLP/src/gtk_romdump_cb.c;
			refType = 0;
		};
		F582718301762CAD01000102 = {
			isa = PBXFileReference;
			name = gtk_refresh.c;
			path = /Users/julien/devel/TiLP/src/gtk_refresh.c;
			refType = 0;
		};
		F582718401762CAD01000102 = {
			isa = PBXFileReference;
			name = gtk_probeio_dbox.c;
			path = /Users/julien/devel/TiLP/src/gtk_probeio_dbox.c;
			refType = 0;
		};
		F582718501762CAD01000102 = {
			isa = PBXFileReference;
			name = gtk_probeio_cb.c;
			path = /Users/julien/devel/TiLP/src/gtk_probeio_cb.c;
			refType = 0;
		};
		F582718601762CAD01000102 = {
			isa = PBXFileReference;
			name = gtk_plugins_dbox.c;
			path = /Users/julien/devel/TiLP/src/gtk_plugins_dbox.c;
			refType = 0;
		};
		F582718701762CAD01000102 = {
			isa = PBXFileReference;
			name = gtk_plugins_cb.c;
			path = /Users/julien/devel/TiLP/src/gtk_plugins_cb.c;
			refType = 0;
		};
		F582718801762CAD01000102 = {
			isa = PBXFileReference;
			name = gtk_pbar_dbox.c;
			path = /Users/julien/devel/TiLP/src/gtk_pbar_dbox.c;
			refType = 0;
		};
		F582718901762CAD01000102 = {
			isa = PBXFileReference;
			name = gtk_pbar_cb.c;
			path = /Users/julien/devel/TiLP/src/gtk_pbar_cb.c;
			refType = 0;
		};
		F582718A01762CAD01000102 = {
			isa = PBXFileReference;
			name = gtk_msg_dbox.c;
			path = /Users/julien/devel/TiLP/src/gtk_msg_dbox.c;
			refType = 0;
		};
		F582718B01762CAD01000102 = {
			isa = PBXFileReference;
			name = gtk_msg_cb.c;
			path = /Users/julien/devel/TiLP/src/gtk_msg_cb.c;
			refType = 0;
		};
		F582718C01762CAD01000102 = {
			isa = PBXFileReference;
			name = gtk_manpage_dbox.c;
			path = /Users/julien/devel/TiLP/src/gtk_manpage_dbox.c;
			refType = 0;
		};
		F582718D01762CAD01000102 = {
			isa = PBXFileReference;
			name = gtk_manpage_cb.c;
			path = /Users/julien/devel/TiLP/src/gtk_manpage_cb.c;
			refType = 0;
		};
		F582718E01762CAD01000102 = {
			isa = PBXFileReference;
			name = gtk_main.c;
			path = /Users/julien/devel/TiLP/src/gtk_main.c;
			refType = 0;
		};
		F582718F01762CAD01000102 = {
			isa = PBXFileReference;
			name = gtk_linkspeed_dbox.c;
			path = /Users/julien/devel/TiLP/src/gtk_linkspeed_dbox.c;
			refType = 0;
		};
		F582719001762CAD01000102 = {
			isa = PBXFileReference;
			name = gtk_linkspeed_cb.c;
			path = /Users/julien/devel/TiLP/src/gtk_linkspeed_cb.c;
			refType = 0;
		};
		F582719101762CAD01000102 = {
			isa = PBXFileReference;
			name = gtk_link_dbox.c;
			path = /Users/julien/devel/TiLP/src/gtk_link_dbox.c;
			refType = 0;
		};
		F582719201762CAD01000102 = {
			isa = PBXFileReference;
			name = gtk_link_cb.c;
			path = /Users/julien/devel/TiLP/src/gtk_link_cb.c;
			refType = 0;
		};
		F582719301762CAD01000102 = {
			isa = PBXFileReference;
			name = gtk_lang_dbox.c;
			path = /Users/julien/devel/TiLP/src/gtk_lang_dbox.c;
			refType = 0;
		};
		F582719401762CAD01000102 = {
			isa = PBXFileReference;
			name = gtk_lang_cb.c;
			path = /Users/julien/devel/TiLP/src/gtk_lang_cb.c;
			refType = 0;
		};
		F582719501762CAD01000102 = {
			isa = PBXFileReference;
			name = gtk_idle_cb.c;
			path = /Users/julien/devel/TiLP/src/gtk_idle_cb.c;
			refType = 0;
		};
		F582719601762CAD01000102 = {
			isa = PBXFileReference;
			name = gtk_help_dbox.c;
			path = /Users/julien/devel/TiLP/src/gtk_help_dbox.c;
			refType = 0;
		};
		F582719701762CAD01000102 = {
			isa = PBXFileReference;
			name = gtk_help_cb.c;
			path = /Users/julien/devel/TiLP/src/gtk_help_cb.c;
			refType = 0;
		};
		F582719801762CAD01000102 = {
			isa = PBXFileReference;
			name = gtk_general_dbox.c;
			path = /Users/julien/devel/TiLP/src/gtk_general_dbox.c;
			refType = 0;
		};
		F582719901762CAD01000102 = {
			isa = PBXFileReference;
			name = gtk_general_cb.c;
			path = /Users/julien/devel/TiLP/src/gtk_general_cb.c;
			refType = 0;
		};
		F582719A01762CAD01000102 = {
			isa = PBXFileReference;
			name = gtk_fsel_dbox.c;
			path = /Users/julien/devel/TiLP/src/gtk_fsel_dbox.c;
			refType = 0;
		};
		F582719B01762CAD01000102 = {
			isa = PBXFileReference;
			name = gtk_fsel_cb.c;
			path = /Users/julien/devel/TiLP/src/gtk_fsel_cb.c;
			refType = 0;
		};
		F582719C01762CAD01000102 = {
			isa = PBXFileReference;
			name = gtk_font_dbox.c;
			path = /Users/julien/devel/TiLP/src/gtk_font_dbox.c;
			refType = 0;
		};
		F582719D01762CAD01000102 = {
			isa = PBXFileReference;
			name = gtk_screendump_dbox.c;
			path = /Users/julien/devel/TiLP/src/gtk_screendump_dbox.c;
			refType = 0;
		};
		F582719E01762CAD01000102 = {
			isa = PBXFileReference;
			name = gtk_extprgms_dbox.c;
			path = /Users/julien/devel/TiLP/src/gtk_extprgms_dbox.c;
			refType = 0;
		};
		F582719F01762CAD01000102 = {
			isa = PBXFileReference;
			name = gtk_extprgms_cb.c;
			path = /Users/julien/devel/TiLP/src/gtk_extprgms_cb.c;
			refType = 0;
		};
		F58271A001762CAD01000102 = {
			isa = PBXFileReference;
			name = gtk_about_dbox.c;
			path = /Users/julien/devel/TiLP/src/gtk_about_dbox.c;
			refType = 0;
		};
		F58271DC01762CF701000102 = {
			isa = PBXFileReference;
			name = support.c;
			path = /Users/julien/devel/TiLP/src/support.c;
			refType = 0;
		};
		F58271DD01762CF701000102 = {
			isa = PBXFileReference;
			name = select.c;
			path = ../src/select.c;
			refType = 2;
		};
		F58271DF01762CF701000102 = {
			isa = PBXFileReference;
			name = pakfile.c;
			path = ../src/pakfile.c;
			refType = 2;
		};
		F58271E001762CF701000102 = {
			isa = PBXFileReference;
			name = main.c;
			path = ../src/main.c;
			refType = 2;
		};
		F58271E101762CF701000102 = {
			isa = PBXFileReference;
			name = info.c;
			path = ../src/info.c;
			refType = 2;
		};
		F58271E201762CF701000102 = {
			isa = PBXFileReference;
			name = img_xpm.c;
			path = ../src/img_xpm.c;
			refType = 2;
		};
		F58271E301762CF701000102 = {
			isa = PBXFileReference;
			name = img_pcx.c;
			path = ../src/img_pcx.c;
			refType = 2;
		};
		F58271E401762CF701000102 = {
			isa = PBXFileReference;
			name = img_jpg.c;
			path = ../src/img_jpg.c;
			refType = 2;
		};
		F58271E501762CF701000102 = {
			isa = PBXFileReference;
			name = img_cnv.c;
			path = ../src/img_cnv.c;
			refType = 2;
		};
		F58271E601762CF701000102 = {
			isa = PBXFileReference;
			name = gxpm.c;
			path = /Users/julien/devel/TiLP/src/gxpm.c;
			refType = 0;
		};
		F58271E701762CF701000102 = {
			isa = PBXFileReference;
			name = gui_indep.c;
			path = ../src/gui_indep.c;
			refType = 2;
		};
		F58271E801762CF701000102 = {
			isa = PBXFileReference;
			name = gtree.c;
			path = /Users/julien/devel/TiLP/src/gtree.c;
			refType = 0;
		};
		F58271E901762CF701000102 = {
			isa = PBXFileReference;
			name = gtoolbar.c;
			path = /Users/julien/devel/TiLP/src/gtoolbar.c;
			refType = 0;
		};
		F5D45984017F491C01000103 = {
			fileRef = F582715301762C7701000102;
			isa = PBXBuildFile;
			settings = {
			};
		};
		F5D45985017F491C01000103 = {
			fileRef = F582715401762C7701000102;
			isa = PBXBuildFile;
			settings = {
			};
		};
		F5D45986017F491C01000103 = {
			fileRef = F582715501762C7701000102;
			isa = PBXBuildFile;
			settings = {
			};
		};
		F5D45987017F491C01000103 = {
			fileRef = F58271E101762CF701000102;
			isa = PBXBuildFile;
			settings = {
			};
		};
		F5D45988017F4A1F01000103 = {
			isa = PBXFileReference;
			name = intl.h;
			path = ../src/intl.h;
			refType = 2;
		};
		F5D45989017F4A2001000103 = {
			fileRef = F5D45988017F4A1F01000103;
			isa = PBXBuildFile;
			settings = {
			};
		};
	};
	rootObject = 29B97313FDCFA39411CA2CEA;
}
